<?xml version="1.0" encoding="utf-8"?>
<Project ToolsVersion="4.0" xmlns="http://schemas.microsoft.com/developer/msbuild/2003">
  <ItemGroup>
    <Filter Include="Source Files">
      <UniqueIdentifier>{4FC737F1-C7A5-4376-A066-2A32D752A2FF}</UniqueIdentifier>
      <Extensions>cpp;c;cc;cxx;c++;cppm;ixx;def;odl;idl;hpj;bat;asm;asmx</Extensions>
    </Filter>
    <Filter Include="Header Files">
      <UniqueIdentifier>{93995380-89BD-4b04-88EB-625FBE52EBFB}</UniqueIdentifier>
      <Extensions>h;hh;hpp;hxx;h++;hm;inl;inc;ipp;xsd</Extensions>
    </Filter>
    <Filter Include="Resource Files">
      <UniqueIdentifier>{67DA6AB6-F800-4c08-8B7A-83BB121AAD01}</UniqueIdentifier>
      <Extensions>rc;ico;cur;bmp;dlg;rc2;rct;bin;rgs;gif;jpg;jpeg;jpe;resx;tiff;tif;png;wav;mfcribbon-ms</Extensions>
    </Filter>
  </ItemGroup>
  <ItemGroup>
    <ClInclude Include="math\dxmath\DirectXCollision.h">
      <Filter>Header Files</Filter>
    </ClInclude>
    <ClInclude Include="math\dxmath\DirectXColors.h">
      <Filter>Header Files</Filter>
    </ClInclude>
    <ClInclude Include="math\dxmath\DirectXMath.h">
      <Filter>Header Files</Filter>
    </ClInclude>
    <ClInclude Include="math\dxmath\DirectXPackedVector.h">
      <Filter>Header Files</Filter>
    </ClInclude>
    <ClInclude Include="math\math.h">
      <Filter>Header Files</Filter>
    </ClInclude>
    <ClInclude Include="core.h">
      <Filter>Header Files</Filter>
    </ClInclude>
    <ClInclude Include="debug.h">
      <Filter>Header Files</Filter>
    </ClInclude>
    <ClInclude Include="file_helper.h">
      <Filter>Header Files</Filter>
    </ClInclude>
    <ClInclude Include="globals.h">
      <Filter>Header Files</Filter>
    </ClInclude>
    <ClInclude Include="log.h">
      <Filter>Header Files</Filter>
    </ClInclude>
    <ClInclude Include="platform.h">
      <Filter>Header Files</Filter>
    </ClInclude>
    <ClInclude Include="template.h">
      <Filter>Header Files</Filter>
    </ClInclude>
    <ClInclude Include="types.h">
      <Filter>Header Files</Filter>
    </ClInclude>
    <ClInclude Include="template\container.h">
      <Filter>Header Files</Filter>
    </ClInclude>
    <ClInclude Include="template\fundamental.h">
      <Filter>Header Files</Filter>
    </ClInclude>
    <ClInclude Include="template\pointer.h">
      <Filter>Header Files</Filter>
    </ClInclude>
    <ClInclude Include="taskflow\algorithm\critical.hpp">
      <Filter>Header Files</Filter>
    </ClInclude>
    <ClInclude Include="taskflow\algorithm\data_pipeline.hpp">
      <Filter>Header Files</Filter>
    </ClInclude>
    <ClInclude Include="taskflow\algorithm\for_each.hpp">
      <Filter>Header Files</Filter>
    </ClInclude>
    <ClInclude Include="taskflow\algorithm\pipeline.hpp">
      <Filter>Header Files</Filter>
    </ClInclude>
    <ClInclude Include="taskflow\algorithm\reduce.hpp">
      <Filter>Header Files</Filter>
    </ClInclude>
    <ClInclude Include="taskflow\algorithm\sort.hpp">
      <Filter>Header Files</Filter>
    </ClInclude>
    <ClInclude Include="taskflow\algorithm\transform.hpp">
      <Filter>Header Files</Filter>
    </ClInclude>
    <ClInclude Include="taskflow\core\declarations.hpp">
      <Filter>Header Files</Filter>
    </ClInclude>
    <ClInclude Include="taskflow\core\environment.hpp">
      <Filter>Header Files</Filter>
    </ClInclude>
    <ClInclude Include="taskflow\core\error.hpp">
      <Filter>Header Files</Filter>
    </ClInclude>
    <ClInclude Include="taskflow\core\executor.hpp">
      <Filter>Header Files</Filter>
    </ClInclude>
    <ClInclude Include="taskflow\core\executor-module-opt.hpp">
      <Filter>Header Files</Filter>
    </ClInclude>
    <ClInclude Include="taskflow\core\flow_builder.hpp">
      <Filter>Header Files</Filter>
    </ClInclude>
    <ClInclude Include="taskflow\core\graph.hpp">
      <Filter>Header Files</Filter>
    </ClInclude>
    <ClInclude Include="taskflow\core\notifier.hpp">
      <Filter>Header Files</Filter>
    </ClInclude>
    <ClInclude Include="taskflow\core\observer.hpp">
      <Filter>Header Files</Filter>
    </ClInclude>
    <ClInclude Include="taskflow\core\semaphore.hpp">
      <Filter>Header Files</Filter>
    </ClInclude>
    <ClInclude Include="taskflow\core\task.hpp">
      <Filter>Header Files</Filter>
    </ClInclude>
    <ClInclude Include="taskflow\core\taskflow.hpp">
      <Filter>Header Files</Filter>
    </ClInclude>
    <ClInclude Include="taskflow\core\topology.hpp">
      <Filter>Header Files</Filter>
    </ClInclude>
    <ClInclude Include="taskflow\core\tsq.hpp">
      <Filter>Header Files</Filter>
    </ClInclude>
    <ClInclude Include="taskflow\core\worker.hpp">
      <Filter>Header Files</Filter>
    </ClInclude>
    <ClInclude Include="taskflow\cuda\algorithm\find.hpp">
      <Filter>Header Files</Filter>
    </ClInclude>
    <ClInclude Include="taskflow\cuda\algorithm\for_each.hpp">
      <Filter>Header Files</Filter>
    </ClInclude>
    <ClInclude Include="taskflow\cuda\algorithm\matmul.hpp">
      <Filter>Header Files</Filter>
    </ClInclude>
    <ClInclude Include="taskflow\cuda\algorithm\merge.hpp">
      <Filter>Header Files</Filter>
    </ClInclude>
    <ClInclude Include="taskflow\cuda\algorithm\reduce.hpp">
      <Filter>Header Files</Filter>
    </ClInclude>
    <ClInclude Include="taskflow\cuda\algorithm\scan.hpp">
      <Filter>Header Files</Filter>
    </ClInclude>
    <ClInclude Include="taskflow\cuda\algorithm\sort.hpp">
      <Filter>Header Files</Filter>
    </ClInclude>
    <ClInclude Include="taskflow\cuda\algorithm\transform.hpp">
      <Filter>Header Files</Filter>
    </ClInclude>
    <ClInclude Include="taskflow\cuda\algorithm\transpose.hpp">
      <Filter>Header Files</Filter>
    </ClInclude>
    <ClInclude Include="taskflow\cuda\cuda_capturer.hpp">
      <Filter>Header Files</Filter>
    </ClInclude>
    <ClInclude Include="taskflow\cuda\cuda_device.hpp">
      <Filter>Header Files</Filter>
    </ClInclude>
    <ClInclude Include="taskflow\cuda\cuda_error.hpp">
      <Filter>Header Files</Filter>
    </ClInclude>
    <ClInclude Include="taskflow\cuda\cuda_execution_policy.hpp">
      <Filter>Header Files</Filter>
    </ClInclude>
    <ClInclude Include="taskflow\cuda\cuda_graph.hpp">
      <Filter>Header Files</Filter>
    </ClInclude>
    <ClInclude Include="taskflow\cuda\cuda_memory.hpp">
      <Filter>Header Files</Filter>
    </ClInclude>
    <ClInclude Include="taskflow\cuda\cuda_meta.hpp">
      <Filter>Header Files</Filter>
    </ClInclude>
    <ClInclude Include="taskflow\cuda\cuda_optimizer.hpp">
      <Filter>Header Files</Filter>
    </ClInclude>
    <ClInclude Include="taskflow\cuda\cuda_pool.hpp">
      <Filter>Header Files</Filter>
    </ClInclude>
    <ClInclude Include="taskflow\cuda\cuda_stream.hpp">
      <Filter>Header Files</Filter>
    </ClInclude>
    <ClInclude Include="taskflow\cuda\cuda_task.hpp">
      <Filter>Header Files</Filter>
    </ClInclude>
    <ClInclude Include="taskflow\cuda\cudaflow.hpp">
      <Filter>Header Files</Filter>
    </ClInclude>
    <ClInclude Include="taskflow\dsl\connection.hpp">
      <Filter>Header Files</Filter>
    </ClInclude>
    <ClInclude Include="taskflow\dsl\dsl.hpp">
      <Filter>Header Files</Filter>
    </ClInclude>
    <ClInclude Include="taskflow\dsl\meta_macro.hpp">
      <Filter>Header Files</Filter>
    </ClInclude>
    <ClInclude Include="taskflow\dsl\task_analyzer.hpp">
      <Filter>Header Files</Filter>
    </ClInclude>
    <ClInclude Include="taskflow\dsl\task_dsl.hpp">
      <Filter>Header Files</Filter>
    </ClInclude>
    <ClInclude Include="taskflow\dsl\task_trait.hpp">
      <Filter>Header Files</Filter>
    </ClInclude>
    <ClInclude Include="taskflow\dsl\tuple_utils.hpp">
      <Filter>Header Files</Filter>
    </ClInclude>
    <ClInclude Include="taskflow\dsl\type_list.hpp">
      <Filter>Header Files</Filter>
    </ClInclude>
    <ClInclude Include="taskflow\sycl\algorithm\reduce.hpp">
      <Filter>Header Files</Filter>
    </ClInclude>
    <ClInclude Include="taskflow\sycl\algorithm\sycl_for_each.hpp">
      <Filter>Header Files</Filter>
    </ClInclude>
    <ClInclude Include="taskflow\sycl\algorithm\sycl_transform.hpp">
      <Filter>Header Files</Filter>
    </ClInclude>
    <ClInclude Include="taskflow\sycl\sycl_execution_policy.hpp">
      <Filter>Header Files</Filter>
    </ClInclude>
    <ClInclude Include="taskflow\sycl\sycl_graph.hpp">
      <Filter>Header Files</Filter>
    </ClInclude>
    <ClInclude Include="taskflow\sycl\sycl_meta.hpp">
      <Filter>Header Files</Filter>
    </ClInclude>
    <ClInclude Include="taskflow\sycl\sycl_task.hpp">
      <Filter>Header Files</Filter>
    </ClInclude>
    <ClInclude Include="taskflow\sycl\syclflow.hpp">
      <Filter>Header Files</Filter>
    </ClInclude>
    <ClInclude Include="taskflow\utility\iterator.hpp">
      <Filter>Header Files</Filter>
    </ClInclude>
    <ClInclude Include="taskflow\utility\math.hpp">
      <Filter>Header Files</Filter>
    </ClInclude>
    <ClInclude Include="taskflow\utility\object_pool.hpp">
      <Filter>Header Files</Filter>
    </ClInclude>
    <ClInclude Include="taskflow\utility\os.hpp">
      <Filter>Header Files</Filter>
    </ClInclude>
    <ClInclude Include="taskflow\utility\serializer.hpp">
      <Filter>Header Files</Filter>
    </ClInclude>
    <ClInclude Include="taskflow\utility\singleton.hpp">
      <Filter>Header Files</Filter>
    </ClInclude>
    <ClInclude Include="taskflow\utility\small_vector.hpp">
      <Filter>Header Files</Filter>
    </ClInclude>
    <ClInclude Include="taskflow\utility\stream.hpp">
      <Filter>Header Files</Filter>
    </ClInclude>
    <ClInclude Include="taskflow\utility\traits.hpp">
      <Filter>Header Files</Filter>
    </ClInclude>
    <ClInclude Include="taskflow\utility\uuid.hpp">
      <Filter>Header Files</Filter>
    </ClInclude>
    <ClInclude Include="taskflow\taskflow.hpp">
      <Filter>Header Files</Filter>
    </ClInclude>
  </ItemGroup>
  <ItemGroup>
    <None Include="math\dxmath\DirectXCollision.inl">
      <Filter>Header Files</Filter>
    </None>
    <None Include="math\dxmath\DirectXMathConvert.inl">
      <Filter>Header Files</Filter>
    </None>
    <None Include="math\dxmath\DirectXMathMatrix.inl">
      <Filter>Header Files</Filter>
    </None>
    <None Include="math\dxmath\DirectXMathMisc.inl">
      <Filter>Header Files</Filter>
    </None>
    <None Include="math\dxmath\DirectXMathVector.inl">
      <Filter>Header Files</Filter>
    </None>
    <None Include="math\dxmath\DirectXPackedVector.inl">
      <Filter>Header Files</Filter>
    </None>
    <None Include="file_helper.inl">
      <Filter>Header Files</Filter>
    </None>
  </ItemGroup>
  <ItemGroup>
    <ClCompile Include="file_helper.cpp">
      <Filter>Source Files</Filter>
    </ClCompile>
    <ClCompile Include="globals.cpp">
      <Filter>Source Files</Filter>
    </ClCompile>
    <ClCompile Include="platform.cpp">
      <Filter>Source Files</Filter>
    </ClCompile>
  </ItemGroup>
</Project>