
Microsoft Visual Studio Solution File, Format Version 12.00
# Visual Studio Version 17
VisualStudioVersion = 17.3.32929.385
MinimumVisualStudioVersion = 17.2.32505.173
Project("{2150E333-8FDC-42A3-9474-1A3956D46DE8}") = "App", "App", "{174E1B50-38D0-4F5C-B5AC-74C1248197D8}"
EndProject
Project("{2150E333-8FDC-42A3-9474-1A3956D46DE8}") = "Library", "Library", "{186E0ADC-35CD-48B9-BA78-A47C5BA414E4}"
EndProject
Project("{8BC9CEB8-8B4A-11D0-8D11-00A0C91BC942}") = "app", "source\app\app.vcxproj", "{404FB57A-BCFD-4C27-A411-478F9894C19F}"
	ProjectSection(ProjectDependencies) = postProject
		{68C53BB2-2176-4755-B147-E57E263D3949} = {68C53BB2-2176-4755-B147-E57E263D3949}
		{9A85FCEA-CBCB-47BD-B006-A5EE627F1FBA} = {9A85FCEA-CBCB-47BD-B006-A5EE627F1FBA}
		{D10F2727-19B7-4548-8559-9E96B949DDE8} = {D10F2727-19B7-4548-8559-9E96B949DDE8}
	EndProjectSection
EndProject
Project("{8BC9CEB8-8B4A-11D0-8D11-00A0C91BC942}") = "core", "source\core\core.vcxproj", "{68C53BB2-2176-4755-B147-E57E263D3949}"
	ProjectSection(ProjectDependencies) = postProject
	EndProjectSection
EndProject
Project("{8BC9CEB8-8B4A-11D0-8D11-00A0C91BC942}") = "core_engine", "source\core_engine\core_engine.vcxproj", "{70B1CD98-9156-4727-BA3B-18593AEBBB11}"
	ProjectSection(ProjectDependencies) = postProject
		{68C53BB2-2176-4755-B147-E57E263D3949} = {68C53BB2-2176-4755-B147-E57E263D3949}
		{9A85FCEA-CBCB-47BD-B006-A5EE627F1FBA} = {9A85FCEA-CBCB-47BD-B006-A5EE627F1FBA}
		{71586D6E-30FF-412A-B0B1-A011E1CAE6A9} = {71586D6E-30FF-412A-B0B1-A011E1CAE6A9}
	EndProjectSection
EndProject
Project("{8BC9CEB8-8B4A-11D0-8D11-00A0C91BC942}") = "core_object", "source\core_object\core_object.vcxproj", "{9A85FCEA-CBCB-47BD-B006-A5EE627F1FBA}"
	ProjectSection(ProjectDependencies) = postProject
		{68C53BB2-2176-4755-B147-E57E263D3949} = {68C53BB2-2176-4755-B147-E57E263D3949}
	EndProjectSection
EndProject
Project("{8BC9CEB8-8B4A-11D0-8D11-00A0C91BC942}") = "core_render", "source\core_render\core_render.vcxproj", "{7B62A386-8EDC-48F1-8764-5691D93EEFD4}"
	ProjectSection(ProjectDependencies) = postProject
		{68C53BB2-2176-4755-B147-E57E263D3949} = {68C53BB2-2176-4755-B147-E57E263D3949}
		{71586D6E-30FF-412A-B0B1-A011E1CAE6A9} = {71586D6E-30FF-412A-B0B1-A011E1CAE6A9}
	EndProjectSection
EndProject
Project("{8BC9CEB8-8B4A-11D0-8D11-00A0C91BC942}") = "editor", "source\editor\editor.vcxproj", "{65012F23-900B-40FB-9BBE-4CF916E18AA7}"
	ProjectSection(ProjectDependencies) = postProject
		{68C53BB2-2176-4755-B147-E57E263D3949} = {68C53BB2-2176-4755-B147-E57E263D3949}
		{9A85FCEA-CBCB-47BD-B006-A5EE627F1FBA} = {9A85FCEA-CBCB-47BD-B006-A5EE627F1FBA}
		{D10F2727-19B7-4548-8559-9E96B949DDE8} = {D10F2727-19B7-4548-8559-9E96B949DDE8}
	EndProjectSection
EndProject
Project("{8BC9CEB8-8B4A-11D0-8D11-00A0C91BC942}") = "engine", "source\engine\engine.vcxproj", "{D10F2727-19B7-4548-8559-9E96B949DDE8}"
	ProjectSection(ProjectDependencies) = postProject
		{68C53BB2-2176-4755-B147-E57E263D3949} = {68C53BB2-2176-4755-B147-E57E263D3949}
		{9A85FCEA-CBCB-47BD-B006-A5EE627F1FBA} = {9A85FCEA-CBCB-47BD-B006-A5EE627F1FBA}
		{7B62A386-8EDC-48F1-8764-5691D93EEFD4} = {7B62A386-8EDC-48F1-8764-5691D93EEFD4}
		{1CED7182-A2F9-4416-B5E2-9C91906D518E} = {1CED7182-A2F9-4416-B5E2-9C91906D518E}
		{71586D6E-30FF-412A-B0B1-A011E1CAE6A9} = {71586D6E-30FF-412A-B0B1-A011E1CAE6A9}
		{E23FBDB6-0855-481B-A9E4-8C04803210A2} = {E23FBDB6-0855-481B-A9E4-8C04803210A2}
	EndProjectSection
EndProject
Project("{8BC9CEB8-8B4A-11D0-8D11-00A0C91BC942}") = "gapi", "source\gapi\gapi.vcxproj", "{71586D6E-30FF-412A-B0B1-A011E1CAE6A9}"
	ProjectSection(ProjectDependencies) = postProject
		{68C53BB2-2176-4755-B147-E57E263D3949} = {68C53BB2-2176-4755-B147-E57E263D3949}
	EndProjectSection
EndProject
Project("{8BC9CEB8-8B4A-11D0-8D11-00A0C91BC942}") = "gapi_d3d12", "source\gapi_d3d12\gapi_d3d12.vcxproj", "{B0AF6809-EE1C-4751-B075-CDAE10A85163}"
	ProjectSection(ProjectDependencies) = postProject
		{68C53BB2-2176-4755-B147-E57E263D3949} = {68C53BB2-2176-4755-B147-E57E263D3949}
		{71586D6E-30FF-412A-B0B1-A011E1CAE6A9} = {71586D6E-30FF-412A-B0B1-A011E1CAE6A9}
	EndProjectSection
EndProject
Project("{8BC9CEB8-8B4A-11D0-8D11-00A0C91BC942}") = "gapi_dynamic", "source\gapi_dynamic\gapi_dynamic.vcxproj", "{E23FBDB6-0855-481B-A9E4-8C04803210A2}"
	ProjectSection(ProjectDependencies) = postProject
		{68C53BB2-2176-4755-B147-E57E263D3949} = {68C53BB2-2176-4755-B147-E57E263D3949}
		{71586D6E-30FF-412A-B0B1-A011E1CAE6A9} = {71586D6E-30FF-412A-B0B1-A011E1CAE6A9}
		{B0AF6809-EE1C-4751-B075-CDAE10A85163} = {B0AF6809-EE1C-4751-B075-CDAE10A85163}
		{A491477A-ECA2-4372-B49F-DC31618D0809} = {A491477A-ECA2-4372-B49F-DC31618D0809}
	EndProjectSection
EndProject
Project("{8BC9CEB8-8B4A-11D0-8D11-00A0C91BC942}") = "gapi_vulkan", "source\gapi_vulkan\gapi_vulkan.vcxproj", "{A491477A-ECA2-4372-B49F-DC31618D0809}"
	ProjectSection(ProjectDependencies) = postProject
		{68C53BB2-2176-4755-B147-E57E263D3949} = {68C53BB2-2176-4755-B147-E57E263D3949}
		{71586D6E-30FF-412A-B0B1-A011E1CAE6A9} = {71586D6E-30FF-412A-B0B1-A011E1CAE6A9}
	EndProjectSection
EndProject
Project("{8BC9CEB8-8B4A-11D0-8D11-00A0C91BC942}") = "renderer", "source\renderer\renderer.vcxproj", "{1CED7182-A2F9-4416-B5E2-9C91906D518E}"
	ProjectSection(ProjectDependencies) = postProject
		{68C53BB2-2176-4755-B147-E57E263D3949} = {68C53BB2-2176-4755-B147-E57E263D3949}
		{71586D6E-30FF-412A-B0B1-A011E1CAE6A9} = {71586D6E-30FF-412A-B0B1-A011E1CAE6A9}
		{70B1CD98-9156-4727-BA3B-18593AEBBB11} = {70B1CD98-9156-4727-BA3B-18593AEBBB11}
		{7B62A386-8EDC-48F1-8764-5691D93EEFD4} = {7B62A386-8EDC-48F1-8764-5691D93EEFD4}
		{E23FBDB6-0855-481B-A9E4-8C04803210A2} = {E23FBDB6-0855-481B-A9E4-8C04803210A2}
	EndProjectSection
EndProject
Global
	GlobalSection(SolutionConfigurationPlatforms) = preSolution
		Debug|x64 = Debug|x64
		Release|x64 = Release|x64
	EndGlobalSection
	GlobalSection(ProjectConfigurationPlatforms) = postSolution
		{404FB57A-BCFD-4C27-A411-478F9894C19F}.Debug|x64.ActiveCfg = Debug|x64
		{404FB57A-BCFD-4C27-A411-478F9894C19F}.Debug|x64.Build.0 = Debug|x64
		{404FB57A-BCFD-4C27-A411-478F9894C19F}.Release|x64.ActiveCfg = Release|x64
		{404FB57A-BCFD-4C27-A411-478F9894C19F}.Release|x64.Build.0 = Release|x64
		{68C53BB2-2176-4755-B147-E57E263D3949}.Debug|x64.ActiveCfg = Debug|x64
		{68C53BB2-2176-4755-B147-E57E263D3949}.Debug|x64.Build.0 = Debug|x64
		{68C53BB2-2176-4755-B147-E57E263D3949}.Release|x64.ActiveCfg = Release|x64
		{68C53BB2-2176-4755-B147-E57E263D3949}.Release|x64.Build.0 = Release|x64
		{70B1CD98-9156-4727-BA3B-18593AEBBB11}.Debug|x64.ActiveCfg = Debug|x64
		{70B1CD98-9156-4727-BA3B-18593AEBBB11}.Debug|x64.Build.0 = Debug|x64
		{70B1CD98-9156-4727-BA3B-18593AEBBB11}.Release|x64.ActiveCfg = Release|x64
		{70B1CD98-9156-4727-BA3B-18593AEBBB11}.Release|x64.Build.0 = Release|x64
		{9A85FCEA-CBCB-47BD-B006-A5EE627F1FBA}.Debug|x64.ActiveCfg = Debug|x64
		{9A85FCEA-CBCB-47BD-B006-A5EE627F1FBA}.Debug|x64.Build.0 = Debug|x64
		{9A85FCEA-CBCB-47BD-B006-A5EE627F1FBA}.Release|x64.ActiveCfg = Release|x64
		{9A85FCEA-CBCB-47BD-B006-A5EE627F1FBA}.Release|x64.Build.0 = Release|x64
		{7B62A386-8EDC-48F1-8764-5691D93EEFD4}.Debug|x64.ActiveCfg = Debug|x64
		{7B62A386-8EDC-48F1-8764-5691D93EEFD4}.Debug|x64.Build.0 = Debug|x64
		{7B62A386-8EDC-48F1-8764-5691D93EEFD4}.Release|x64.ActiveCfg = Release|x64
		{7B62A386-8EDC-48F1-8764-5691D93EEFD4}.Release|x64.Build.0 = Release|x64
		{65012F23-900B-40FB-9BBE-4CF916E18AA7}.Debug|x64.ActiveCfg = Debug|x64
		{65012F23-900B-40FB-9BBE-4CF916E18AA7}.Debug|x64.Build.0 = Debug|x64
		{65012F23-900B-40FB-9BBE-4CF916E18AA7}.Release|x64.ActiveCfg = Release|x64
		{65012F23-900B-40FB-9BBE-4CF916E18AA7}.Release|x64.Build.0 = Release|x64
		{D10F2727-19B7-4548-8559-9E96B949DDE8}.Debug|x64.ActiveCfg = Debug|x64
		{D10F2727-19B7-4548-8559-9E96B949DDE8}.Debug|x64.Build.0 = Debug|x64
		{D10F2727-19B7-4548-8559-9E96B949DDE8}.Release|x64.ActiveCfg = Release|x64
		{D10F2727-19B7-4548-8559-9E96B949DDE8}.Release|x64.Build.0 = Release|x64
		{71586D6E-30FF-412A-B0B1-A011E1CAE6A9}.Debug|x64.ActiveCfg = Debug|x64
		{71586D6E-30FF-412A-B0B1-A011E1CAE6A9}.Debug|x64.Build.0 = Debug|x64
		{71586D6E-30FF-412A-B0B1-A011E1CAE6A9}.Release|x64.ActiveCfg = Release|x64
		{71586D6E-30FF-412A-B0B1-A011E1CAE6A9}.Release|x64.Build.0 = Release|x64
		{B0AF6809-EE1C-4751-B075-CDAE10A85163}.Debug|x64.ActiveCfg = Debug|x64
		{B0AF6809-EE1C-4751-B075-CDAE10A85163}.Debug|x64.Build.0 = Debug|x64
		{B0AF6809-EE1C-4751-B075-CDAE10A85163}.Release|x64.ActiveCfg = Release|x64
		{B0AF6809-EE1C-4751-B075-CDAE10A85163}.Release|x64.Build.0 = Release|x64
		{E23FBDB6-0855-481B-A9E4-8C04803210A2}.Debug|x64.ActiveCfg = Debug|x64
		{E23FBDB6-0855-481B-A9E4-8C04803210A2}.Debug|x64.Build.0 = Debug|x64
		{E23FBDB6-0855-481B-A9E4-8C04803210A2}.Release|x64.ActiveCfg = Release|x64
		{E23FBDB6-0855-481B-A9E4-8C04803210A2}.Release|x64.Build.0 = Release|x64
		{A491477A-ECA2-4372-B49F-DC31618D0809}.Debug|x64.ActiveCfg = Debug|x64
		{A491477A-ECA2-4372-B49F-DC31618D0809}.Debug|x64.Build.0 = Debug|x64
		{A491477A-ECA2-4372-B49F-DC31618D0809}.Release|x64.ActiveCfg = Release|x64
		{A491477A-ECA2-4372-B49F-DC31618D0809}.Release|x64.Build.0 = Release|x64
		{1CED7182-A2F9-4416-B5E2-9C91906D518E}.Debug|x64.ActiveCfg = Debug|x64
		{1CED7182-A2F9-4416-B5E2-9C91906D518E}.Debug|x64.Build.0 = Debug|x64
		{1CED7182-A2F9-4416-B5E2-9C91906D518E}.Release|x64.ActiveCfg = Release|x64
		{1CED7182-A2F9-4416-B5E2-9C91906D518E}.Release|x64.Build.0 = Release|x64
	EndGlobalSection
	GlobalSection(SolutionProperties) = preSolution
		HideSolutionNode = FALSE
	EndGlobalSection
	GlobalSection(ExtensibilityGlobals) = postSolution
	EndGlobalSection
	GlobalSection(NestedProjects) = preSolution
		{404FB57A-BCFD-4C27-A411-478F9894C19F} = {174E1B50-38D0-4F5C-B5AC-74C1248197D8}
		{68C53BB2-2176-4755-B147-E57E263D3949} = {186E0ADC-35CD-48B9-BA78-A47C5BA414E4}
		{70B1CD98-9156-4727-BA3B-18593AEBBB11} = {186E0ADC-35CD-48B9-BA78-A47C5BA414E4}
		{9A85FCEA-CBCB-47BD-B006-A5EE627F1FBA} = {186E0ADC-35CD-48B9-BA78-A47C5BA414E4}
		{7B62A386-8EDC-48F1-8764-5691D93EEFD4} = {186E0ADC-35CD-48B9-BA78-A47C5BA414E4}
		{65012F23-900B-40FB-9BBE-4CF916E18AA7} = {174E1B50-38D0-4F5C-B5AC-74C1248197D8}
		{D10F2727-19B7-4548-8559-9E96B949DDE8} = {186E0ADC-35CD-48B9-BA78-A47C5BA414E4}
		{71586D6E-30FF-412A-B0B1-A011E1CAE6A9} = {186E0ADC-35CD-48B9-BA78-A47C5BA414E4}
		{B0AF6809-EE1C-4751-B075-CDAE10A85163} = {186E0ADC-35CD-48B9-BA78-A47C5BA414E4}
		{E23FBDB6-0855-481B-A9E4-8C04803210A2} = {186E0ADC-35CD-48B9-BA78-A47C5BA414E4}
		{A491477A-ECA2-4372-B49F-DC31618D0809} = {186E0ADC-35CD-48B9-BA78-A47C5BA414E4}
		{1CED7182-A2F9-4416-B5E2-9C91906D518E} = {186E0ADC-35CD-48B9-BA78-A47C5BA414E4}
	EndGlobalSection
EndGlobal
