
Microsoft Visual Studio Solution File, Format Version 12.00
# Visual Studio Version 17
VisualStudioVersion = 16.11.32929.386
MinimumVisualStudioVersion = 17.2.32505.173
Project("{8BC9CEB8-8B4A-11D0-8D11-00A0C91BC942}") = "app", "source\app.vcxproj", "{9700A908-D26D-4EAC-9C31-EDFA4AFB479C}"
	ProjectSection(ProjectDependencies) = postProject
		{24AE583C-E3CD-4FEB-AE57-55C7ED893999} = {24AE583C-E3CD-4FEB-AE57-55C7ED893999}
		{9D993779-4457-4469-9D45-84E26090E25C} = {9D993779-4457-4469-9D45-84E26090E25C}
		{22D5F1FB-5847-4F4A-8DC5-8DEC172C66CD} = {22D5F1FB-5847-4F4A-8DC5-8DEC172C66CD}
	EndProjectSection
EndProject
Project("{8BC9CEB8-8B4A-11D0-8D11-00A0C91BC942}") = "core", "source\core.vcxproj", "{24AE583C-E3CD-4FEB-AE57-55C7ED893999}"
	ProjectSection(ProjectDependencies) = postProject
	EndProjectSection
EndProject
Project("{8BC9CEB8-8B4A-11D0-8D11-00A0C91BC942}") = "core_engine", "source\core_engine.vcxproj", "{7F9B01C6-B7E4-45CD-ACE0-7F1ECBB2BBED}"
	ProjectSection(ProjectDependencies) = postProject
		{24AE583C-E3CD-4FEB-AE57-55C7ED893999} = {24AE583C-E3CD-4FEB-AE57-55C7ED893999}
		{9D993779-4457-4469-9D45-84E26090E25C} = {9D993779-4457-4469-9D45-84E26090E25C}
	EndProjectSection
EndProject
Project("{8BC9CEB8-8B4A-11D0-8D11-00A0C91BC942}") = "core_object", "source\core_object.vcxproj", "{9D993779-4457-4469-9D45-84E26090E25C}"
	ProjectSection(ProjectDependencies) = postProject
		{24AE583C-E3CD-4FEB-AE57-55C7ED893999} = {24AE583C-E3CD-4FEB-AE57-55C7ED893999}
	EndProjectSection
EndProject
Project("{8BC9CEB8-8B4A-11D0-8D11-00A0C91BC942}") = "core_render", "source\core_render.vcxproj", "{2CC7BCBF-FFAD-413E-ADA9-CF73B362CEEC}"
	ProjectSection(ProjectDependencies) = postProject
		{24AE583C-E3CD-4FEB-AE57-55C7ED893999} = {24AE583C-E3CD-4FEB-AE57-55C7ED893999}
	EndProjectSection
EndProject
Project("{8BC9CEB8-8B4A-11D0-8D11-00A0C91BC942}") = "engine", "source\engine.vcxproj", "{22D5F1FB-5847-4F4A-8DC5-8DEC172C66CD}"
	ProjectSection(ProjectDependencies) = postProject
		{24AE583C-E3CD-4FEB-AE57-55C7ED893999} = {24AE583C-E3CD-4FEB-AE57-55C7ED893999}
		{9D993779-4457-4469-9D45-84E26090E25C} = {9D993779-4457-4469-9D45-84E26090E25C}
		{0EE651F9-50F3-4D19-B488-7516A641FBEF} = {0EE651F9-50F3-4D19-B488-7516A641FBEF}
		{02E8A501-E04C-4136-96DF-11F29E28E905} = {02E8A501-E04C-4136-96DF-11F29E28E905}
	EndProjectSection
EndProject
Project("{8BC9CEB8-8B4A-11D0-8D11-00A0C91BC942}") = "gapi", "source\gapi.vcxproj", "{5EA0535C-686C-441B-B6F7-F35461A59C9A}"
	ProjectSection(ProjectDependencies) = postProject
		{24AE583C-E3CD-4FEB-AE57-55C7ED893999} = {24AE583C-E3CD-4FEB-AE57-55C7ED893999}
	EndProjectSection
EndProject
Project("{8BC9CEB8-8B4A-11D0-8D11-00A0C91BC942}") = "gapi_d3d12", "source\gapi_d3d12.vcxproj", "{9E5CFB95-7A62-4716-90EB-C04386CC2BBD}"
	ProjectSection(ProjectDependencies) = postProject
		{24AE583C-E3CD-4FEB-AE57-55C7ED893999} = {24AE583C-E3CD-4FEB-AE57-55C7ED893999}
		{5EA0535C-686C-441B-B6F7-F35461A59C9A} = {5EA0535C-686C-441B-B6F7-F35461A59C9A}
	EndProjectSection
EndProject
Project("{8BC9CEB8-8B4A-11D0-8D11-00A0C91BC942}") = "gapi_dynamic", "source\gapi_dynamic.vcxproj", "{02E8A501-E04C-4136-96DF-11F29E28E905}"
	ProjectSection(ProjectDependencies) = postProject
		{24AE583C-E3CD-4FEB-AE57-55C7ED893999} = {24AE583C-E3CD-4FEB-AE57-55C7ED893999}
		{5EA0535C-686C-441B-B6F7-F35461A59C9A} = {5EA0535C-686C-441B-B6F7-F35461A59C9A}
		{9E5CFB95-7A62-4716-90EB-C04386CC2BBD} = {9E5CFB95-7A62-4716-90EB-C04386CC2BBD}
		{FD32C88C-5930-4F0A-897E-7887DCD1895C} = {FD32C88C-5930-4F0A-897E-7887DCD1895C}
	EndProjectSection
EndProject
Project("{8BC9CEB8-8B4A-11D0-8D11-00A0C91BC942}") = "gapi_vulkan", "source\gapi_vulkan.vcxproj", "{FD32C88C-5930-4F0A-897E-7887DCD1895C}"
	ProjectSection(ProjectDependencies) = postProject
		{24AE583C-E3CD-4FEB-AE57-55C7ED893999} = {24AE583C-E3CD-4FEB-AE57-55C7ED893999}
		{5EA0535C-686C-441B-B6F7-F35461A59C9A} = {5EA0535C-686C-441B-B6F7-F35461A59C9A}
	EndProjectSection
EndProject
Project("{8BC9CEB8-8B4A-11D0-8D11-00A0C91BC942}") = "renderer", "source\renderer.vcxproj", "{0EE651F9-50F3-4D19-B488-7516A641FBEF}"
	ProjectSection(ProjectDependencies) = postProject
		{24AE583C-E3CD-4FEB-AE57-55C7ED893999} = {24AE583C-E3CD-4FEB-AE57-55C7ED893999}
		{5EA0535C-686C-441B-B6F7-F35461A59C9A} = {5EA0535C-686C-441B-B6F7-F35461A59C9A}
		{7F9B01C6-B7E4-45CD-ACE0-7F1ECBB2BBED} = {7F9B01C6-B7E4-45CD-ACE0-7F1ECBB2BBED}
		{02E8A501-E04C-4136-96DF-11F29E28E905} = {02E8A501-E04C-4136-96DF-11F29E28E905}
	EndProjectSection
EndProject
Global
	GlobalSection(SolutionConfigurationPlatforms) = preSolution
		Debug|x64 = Debug|x64
		Release|x64 = Release|x64
	EndGlobalSection
	GlobalSection(ProjectConfigurationPlatforms) = postSolution
		{9700A908-D26D-4EAC-9C31-EDFA4AFB479C}.Debug|x64.ActiveCfg = Debug|x64
		{9700A908-D26D-4EAC-9C31-EDFA4AFB479C}.Debug|x64.Build.0 = Debug|x64
		{9700A908-D26D-4EAC-9C31-EDFA4AFB479C}.Release|x64.ActiveCfg = Release|x64
		{9700A908-D26D-4EAC-9C31-EDFA4AFB479C}.Release|x64.Build.0 = Release|x64
		{24AE583C-E3CD-4FEB-AE57-55C7ED893999}.Debug|x64.ActiveCfg = Debug|x64
		{24AE583C-E3CD-4FEB-AE57-55C7ED893999}.Debug|x64.Build.0 = Debug|x64
		{24AE583C-E3CD-4FEB-AE57-55C7ED893999}.Release|x64.ActiveCfg = Release|x64
		{24AE583C-E3CD-4FEB-AE57-55C7ED893999}.Release|x64.Build.0 = Release|x64
		{7F9B01C6-B7E4-45CD-ACE0-7F1ECBB2BBED}.Debug|x64.ActiveCfg = Debug|x64
		{7F9B01C6-B7E4-45CD-ACE0-7F1ECBB2BBED}.Debug|x64.Build.0 = Debug|x64
		{7F9B01C6-B7E4-45CD-ACE0-7F1ECBB2BBED}.Release|x64.ActiveCfg = Release|x64
		{7F9B01C6-B7E4-45CD-ACE0-7F1ECBB2BBED}.Release|x64.Build.0 = Release|x64
		{9D993779-4457-4469-9D45-84E26090E25C}.Debug|x64.ActiveCfg = Debug|x64
		{9D993779-4457-4469-9D45-84E26090E25C}.Debug|x64.Build.0 = Debug|x64
		{9D993779-4457-4469-9D45-84E26090E25C}.Release|x64.ActiveCfg = Release|x64
		{9D993779-4457-4469-9D45-84E26090E25C}.Release|x64.Build.0 = Release|x64
		{2CC7BCBF-FFAD-413E-ADA9-CF73B362CEEC}.Debug|x64.ActiveCfg = Debug|x64
		{2CC7BCBF-FFAD-413E-ADA9-CF73B362CEEC}.Debug|x64.Build.0 = Debug|x64
		{2CC7BCBF-FFAD-413E-ADA9-CF73B362CEEC}.Release|x64.ActiveCfg = Release|x64
		{2CC7BCBF-FFAD-413E-ADA9-CF73B362CEEC}.Release|x64.Build.0 = Release|x64
		{22D5F1FB-5847-4F4A-8DC5-8DEC172C66CD}.Debug|x64.ActiveCfg = Debug|x64
		{22D5F1FB-5847-4F4A-8DC5-8DEC172C66CD}.Debug|x64.Build.0 = Debug|x64
		{22D5F1FB-5847-4F4A-8DC5-8DEC172C66CD}.Release|x64.ActiveCfg = Release|x64
		{22D5F1FB-5847-4F4A-8DC5-8DEC172C66CD}.Release|x64.Build.0 = Release|x64
		{5EA0535C-686C-441B-B6F7-F35461A59C9A}.Debug|x64.ActiveCfg = Debug|x64
		{5EA0535C-686C-441B-B6F7-F35461A59C9A}.Debug|x64.Build.0 = Debug|x64
		{5EA0535C-686C-441B-B6F7-F35461A59C9A}.Release|x64.ActiveCfg = Release|x64
		{5EA0535C-686C-441B-B6F7-F35461A59C9A}.Release|x64.Build.0 = Release|x64
		{9E5CFB95-7A62-4716-90EB-C04386CC2BBD}.Debug|x64.ActiveCfg = Debug|x64
		{9E5CFB95-7A62-4716-90EB-C04386CC2BBD}.Debug|x64.Build.0 = Debug|x64
		{9E5CFB95-7A62-4716-90EB-C04386CC2BBD}.Release|x64.ActiveCfg = Release|x64
		{9E5CFB95-7A62-4716-90EB-C04386CC2BBD}.Release|x64.Build.0 = Release|x64
		{02E8A501-E04C-4136-96DF-11F29E28E905}.Debug|x64.ActiveCfg = Debug|x64
		{02E8A501-E04C-4136-96DF-11F29E28E905}.Debug|x64.Build.0 = Debug|x64
		{02E8A501-E04C-4136-96DF-11F29E28E905}.Release|x64.ActiveCfg = Release|x64
		{02E8A501-E04C-4136-96DF-11F29E28E905}.Release|x64.Build.0 = Release|x64
		{FD32C88C-5930-4F0A-897E-7887DCD1895C}.Debug|x64.ActiveCfg = Debug|x64
		{FD32C88C-5930-4F0A-897E-7887DCD1895C}.Debug|x64.Build.0 = Debug|x64
		{FD32C88C-5930-4F0A-897E-7887DCD1895C}.Release|x64.ActiveCfg = Release|x64
		{FD32C88C-5930-4F0A-897E-7887DCD1895C}.Release|x64.Build.0 = Release|x64
		{0EE651F9-50F3-4D19-B488-7516A641FBEF}.Debug|x64.ActiveCfg = Debug|x64
		{0EE651F9-50F3-4D19-B488-7516A641FBEF}.Debug|x64.Build.0 = Debug|x64
		{0EE651F9-50F3-4D19-B488-7516A641FBEF}.Release|x64.ActiveCfg = Release|x64
		{0EE651F9-50F3-4D19-B488-7516A641FBEF}.Release|x64.Build.0 = Release|x64
	EndGlobalSection
	GlobalSection(SolutionProperties) = preSolution
		HideSolutionNode = FALSE
	EndGlobalSection
	GlobalSection(ExtensibilityGlobals) = postSolution
	EndGlobalSection
EndGlobal
