<?xml version="1.0" encoding="utf-8"?>
<Project ToolsVersion="4.0" xmlns="http://schemas.microsoft.com/developer/msbuild/2003">
  <ItemGroup>
    <ClCompile Include="source\engine\engine_loop.cpp" />
    <ClCompile Include="source\app\windows\main.cpp" />
    <ClCompile Include="source\core\platform.cpp" />
    <ClCompile Include="source\app\windows\win_client.cpp" />
    <ClCompile Include="source\engine\engine.cpp" />
    <ClCompile Include="source\gapi\device.cpp" />
    <ClCompile Include="source\gapi\gapi.cpp" />
    <ClCompile Include="source\gapi\d3d12\d3d12_device.cpp" />
    <ClCompile Include="source\core\globals.cpp" />
    <ClCompile Include="source\gapi\d3d12\d3d12_gapi.cpp" />
    <ClCompile Include="source\gapi\d3d12\d3d12_adapter.cpp" />
    <ClCompile Include="source\gapi\d3d12\d3d12_command_list_manager.cpp" />
    <ClCompile Include="source\gapi\d3d12\d3d12_viewport.cpp" />
    <ClCompile Include="source\gapi\d3d12\d3d12_descriptor_heap.cpp" />
    <ClCompile Include="source\gapi\d3d12\d3d12_resource.cpp" />
    <ClCompile Include="source\gapi\d3d12\d3d12_texture2d.cpp" />
    <ClCompile Include="source\gapi\d3d12\d3d12_resource_view.cpp" />
  </ItemGroup>
  <ItemGroup>
    <ClInclude Include="source\core\log.h" />
    <ClInclude Include="source\engine\engine_loop.h" />
    <ClInclude Include="source\renderer\irenderer.h" />
    <ClInclude Include="source\renderer\simple_renderer.h" />
    <ClInclude Include="source\core\platform.h" />
    <ClInclude Include="source\core\types.h" />
    <ClInclude Include="source\app\windows\win_client.h" />
    <ClInclude Include="source\engine\engine.h" />
    <ClInclude Include="source\app\iclient.h" />
    <ClInclude Include="source\gapi\device.h" />
    <ClInclude Include="source\core\debug.h" />
    <ClInclude Include="source\core\globals.h" />
    <ClInclude Include="source\threads\render_thread.h" />
    <ClInclude Include="source\threads\device_thread.h" />
    <ClInclude Include="source\threads\threads.h" />
    <ClInclude Include="source\core\core.h" />
    <ClInclude Include="source\gapi\d3d12\d3d12_device.h" />
    <ClInclude Include="source\gapi\gapi.h" />
    <ClInclude Include="source\gapi\d3d12\d3d12_utils.h" />
    <ClInclude Include="source\gapi\d3d12\d3d12_types.h" />
    <ClInclude Include="source\gapi\d3d12\d3d12_globals.h" />
    <ClInclude Include="source\gapi\d3d12\d3d12_adapter.h" />
    <ClInclude Include="source\gapi\d3d12\d3d12_swap_chain.h" />
    <ClInclude Include="source\gapi\d3d12\d3d12_gapi.h" />
    <ClInclude Include="source\gapi\d3d12\d3d12_command_queue.h" />
    <ClInclude Include="source\core\template.h" />
    <ClInclude Include="source\gapi\d3d12\d3d12_command_list_manager.h" />
    <ClInclude Include="source\gapi\d3d12\d3d12_viewport.h" />
    <ClInclude Include="source\gapi\d3d12\d3d12_texture2d.h" />
    <ClInclude Include="source\gapi\d3d12\d3d12_resource.h" />
    <ClInclude Include="source\gapi\d3d12\d3d12_descriptor_heap.h" />
    <ClInclude Include="source\gapi\d3d12\d3d12_resource_view.h" />
    <ClInclude Include="source\gapi\d3d12\d3dx12.h" />
  </ItemGroup>
</Project>